{
  "object": {
    "pins": [
      {
        "package": "FunOptics",
        "repositoryURL": "https://github.com/inamiy/FunOptics",
        "state": {
          "branch": "swift-case-paths",
          "revision": "7d1b94eb1acfe8d96e67340fc45b13cd7f2d5389",
          "version": null
        }
      },
      {
        "package": "Nimble",
        "repositoryURL": "https://github.com/Quick/Nimble.git",
        "state": {
          "branch": null,
          "revision": "f8657642dfdec9973efc79cc68bcef43a653a2bc",
          "version": "8.0.2"
        }
      },
      {
        "package": "Quick",
        "repositoryURL": "https://github.com/Quick/Quick.git",
        "state": {
          "branch": null,
          "revision": "33682c2f6230c60614861dfc61df267e11a1602f",
          "version": "2.2.0"
        }
      },
      {
        "package": "CasePaths",
        "repositoryURL": "https://github.com/pointfreeco/swift-case-paths",
        "state": {
          "branch": null,
          "revision": "a9c1e05518b6d95cf5844d823020376f2b6ff842",
          "version": "0.1.0"
        }
      },
      {
        "package": "Thresher",
        "repositoryURL": "https://github.com/mluisbrown/Thresher.git",
        "state": {
          "branch": "master",
          "revision": "37b1067465d726383c3da93db6886ac633b58847",
          "version": null
        }
      }
    ]
  },
  "version": 1
}
